
Microsoft Visual Studio Solution File, Format Version 12.00
# Visual Studio Version 16
VisualStudioVersion = 16.0.31424.327
MinimumVisualStudioVersion = 10.0.40219.1
Project("{FAE04EC0-301F-11D3-BF4B-00C04F79EFBC}") = "QLTourism", "QLTourism\QLTourism.csproj", "{FFD468EE-1555-422B-9C90-CD5A859DE7F3}"
EndProject
Global
	GlobalSection(SolutionConfigurationPlatforms) = preSolution
		Debug|Any CPU = Debug|Any CPU
		Release|Any CPU = Release|Any CPU
	EndGlobalSection
	GlobalSection(ProjectConfigurationPlatforms) = postSolution
		{FFD468EE-1555-422B-9C90-CD5A859DE7F3}.Debug|Any CPU.ActiveCfg = Debug|Any CPU
		{FFD468EE-1555-422B-9C90-CD5A859DE7F3}.Debug|Any CPU.Build.0 = Debug|Any CPU
		{FFD468EE-1555-422B-9C90-CD5A859DE7F3}.Release|Any CPU.ActiveCfg = Release|Any CPU
		{FFD468EE-1555-422B-9C90-CD5A859DE7F3}.Release|Any CPU.Build.0 = Release|Any CPU
	EndGlobalSection
	GlobalSection(SolutionProperties) = preSolution
		HideSolutionNode = FALSE
	EndGlobalSection
	GlobalSection(ExtensibilityGlobals) = postSolution
		SolutionGuid = {01EF66B6-1D85-41A3-AEE4-DCA322141E58}
	EndGlobalSection
EndGlobal
